// !$*UTF8*$!
{
	archiveVersion = 1;
	classes = {
	};
	objectVersion = 56;
	objects = {

/* Begin PBXBuildFile section */
		8FD1B53229FED5A600C6F610 /* UIDesignPracticeApp.swift in Sources */ = {isa = PBXBuildFile; fileRef = 8FD1B53129FED5A600C6F610 /* UIDesignPracticeApp.swift */; };
		8FD1B53629FED5A900C6F610 /* Assets.xcassets in Resources */ = {isa = PBXBuildFile; fileRef = 8FD1B53529FED5A900C6F610 /* Assets.xcassets */; };
		8FD1B53929FED5A900C6F610 /* Preview Assets.xcassets in Resources */ = {isa = PBXBuildFile; fileRef = 8FD1B53829FED5A900C6F610 /* Preview Assets.xcassets */; };
		8FD1B54129FED70200C6F610 /* CardView.swift in Sources */ = {isa = PBXBuildFile; fileRef = 8FD1B54029FED70200C6F610 /* CardView.swift */; };
		8FD1B54529FEDAEB00C6F610 /* ProfileComposableView.swift in Sources */ = {isa = PBXBuildFile; fileRef = 8FD1B54429FEDAEB00C6F610 /* ProfileComposableView.swift */; };
		8FD1B54829FEDFA800C6F610 /* Color+.swift in Sources */ = {isa = PBXBuildFile; fileRef = 8FD1B54729FEDFA800C6F610 /* Color+.swift */; };
		8FD1B54B29FEEC1C00C6F610 /* PrimaryButton.swift in Sources */ = {isa = PBXBuildFile; fileRef = 8FD1B54A29FEEC1C00C6F610 /* PrimaryButton.swift */; };
		8FD1B54D29FEEDE700C6F610 /* View+.swift in Sources */ = {isa = PBXBuildFile; fileRef = 8FD1B54C29FEEDE700C6F610 /* View+.swift */; };
		8FD1B5522A00127400C6F610 /* ShoesView.swift in Sources */ = {isa = PBXBuildFile; fileRef = 8FD1B5512A00127400C6F610 /* ShoesView.swift */; };
		8FD1B5562A0390DA00C6F610 /* CustomCardView.swift in Sources */ = {isa = PBXBuildFile; fileRef = 8FD1B5552A0390DA00C6F610 /* CustomCardView.swift */; };
/* End PBXBuildFile section */

/* Begin PBXFileReference section */
		8FD1B52E29FED5A600C6F610 /* UIDesignPractice.app */ = {isa = PBXFileReference; explicitFileType = wrapper.application; includeInIndex = 0; path = UIDesignPractice.app; sourceTree = BUILT_PRODUCTS_DIR; };
		8FD1B53129FED5A600C6F610 /* UIDesignPracticeApp.swift */ = {isa = PBXFileReference; lastKnownFileType = sourcecode.swift; path = UIDesignPracticeApp.swift; sourceTree = "<group>"; };
		8FD1B53529FED5A900C6F610 /* Assets.xcassets */ = {isa = PBXFileReference; lastKnownFileType = folder.assetcatalog; path = Assets.xcassets; sourceTree = "<group>"; };
		8FD1B53829FED5A900C6F610 /* Preview Assets.xcassets */ = {isa = PBXFileReference; lastKnownFileType = folder.assetcatalog; path = "Preview Assets.xcassets"; sourceTree = "<group>"; };
		8FD1B54029FED70200C6F610 /* CardView.swift */ = {isa = PBXFileReference; lastKnownFileType = sourcecode.swift; path = CardView.swift; sourceTree = "<group>"; };
		8FD1B54429FEDAEB00C6F610 /* ProfileComposableView.swift */ = {isa = PBXFileReference; lastKnownFileType = sourcecode.swift; path = ProfileComposableView.swift; sourceTree = "<group>"; };
		8FD1B54729FEDFA800C6F610 /* Color+.swift */ = {isa = PBXFileReference; lastKnownFileType = sourcecode.swift; path = "Color+.swift"; sourceTree = "<group>"; };
		8FD1B54A29FEEC1C00C6F610 /* PrimaryButton.swift */ = {isa = PBXFileReference; lastKnownFileType = sourcecode.swift; path = PrimaryButton.swift; sourceTree = "<group>"; };
		8FD1B54C29FEEDE700C6F610 /* View+.swift */ = {isa = PBXFileReference; lastKnownFileType = sourcecode.swift; path = "View+.swift"; sourceTree = "<group>"; };
		8FD1B5512A00127400C6F610 /* ShoesView.swift */ = {isa = PBXFileReference; lastKnownFileType = sourcecode.swift; path = ShoesView.swift; sourceTree = "<group>"; };
		8FD1B5552A0390DA00C6F610 /* CustomCardView.swift */ = {isa = PBXFileReference; lastKnownFileType = sourcecode.swift; path = CustomCardView.swift; sourceTree = "<group>"; };
/* End PBXFileReference section */

/* Begin PBXFrameworksBuildPhase section */
		8FD1B52B29FED5A600C6F610 /* Frameworks */ = {
			isa = PBXFrameworksBuildPhase;
			buildActionMask = 2147483647;
			files = (
			);
			runOnlyForDeploymentPostprocessing = 0;
		};
/* End PBXFrameworksBuildPhase section */

/* Begin PBXGroup section */
		8FD1B52529FED5A600C6F610 = {
			isa = PBXGroup;
			children = (
				8FD1B53029FED5A600C6F610 /* UIDesignPractice */,
				8FD1B52F29FED5A600C6F610 /* Products */,
			);
			sourceTree = "<group>";
		};
		8FD1B52F29FED5A600C6F610 /* Products */ = {
			isa = PBXGroup;
			children = (
				8FD1B52E29FED5A600C6F610 /* UIDesignPractice.app */,
			);
			name = Products;
			sourceTree = "<group>";
		};
		8FD1B53029FED5A600C6F610 /* UIDesignPractice */ = {
			isa = PBXGroup;
			children = (
				8FD1B54E2A0011DD00C6F610 /* ShoesList */,
				8FD1B54629FEDF8400C6F610 /* Extension */,
				8FD1B54229FEDA8100C6F610 /* ComposableView */,
				8FD1B53F29FED6E900C6F610 /* Helper */,
				8FD1B53129FED5A600C6F610 /* UIDesignPracticeApp.swift */,
				8FD1B53529FED5A900C6F610 /* Assets.xcassets */,
				8FD1B53729FED5A900C6F610 /* Preview Content */,
			);
			path = UIDesignPractice;
			sourceTree = "<group>";
		};
		8FD1B53729FED5A900C6F610 /* Preview Content */ = {
			isa = PBXGroup;
			children = (
				8FD1B53829FED5A900C6F610 /* Preview Assets.xcassets */,
			);
			path = "Preview Content";
			sourceTree = "<group>";
		};
		8FD1B53F29FED6E900C6F610 /* Helper */ = {
			isa = PBXGroup;
			children = (
				8FD1B54029FED70200C6F610 /* CardView.swift */,
			);
			path = Helper;
			sourceTree = "<group>";
		};
		8FD1B54229FEDA8100C6F610 /* ComposableView */ = {
			isa = PBXGroup;
			children = (
				8FD1B54929FEEBFA00C6F610 /* Buttons */,
				8FD1B54329FEDAB300C6F610 /* ProfileCard */,
			);
			path = ComposableView;
			sourceTree = "<group>";
		};
		8FD1B54329FEDAB300C6F610 /* ProfileCard */ = {
			isa = PBXGroup;
			children = (
				8FD1B54429FEDAEB00C6F610 /* ProfileComposableView.swift */,
				8FD1B5552A0390DA00C6F610 /* CustomCardView.swift */,
			);
			path = ProfileCard;
			sourceTree = "<group>";
		};
		8FD1B54629FEDF8400C6F610 /* Extension */ = {
			isa = PBXGroup;
			children = (
				8FD1B54729FEDFA800C6F610 /* Color+.swift */,
				8FD1B54C29FEEDE700C6F610 /* View+.swift */,
			);
			path = Extension;
			sourceTree = "<group>";
		};
		8FD1B54929FEEBFA00C6F610 /* Buttons */ = {
			isa = PBXGroup;
			children = (
				8FD1B54A29FEEC1C00C6F610 /* PrimaryButton.swift */,
			);
			path = Buttons;
			sourceTree = "<group>";
		};
		8FD1B54E2A0011DD00C6F610 /* ShoesList */ = {
			isa = PBXGroup;
			children = (
				8FD1B5512A00127400C6F610 /* ShoesView.swift */,
			);
			path = ShoesList;
			sourceTree = "<group>";
		};
/* End PBXGroup section */

/* Begin PBXNativeTarget section */
		8FD1B52D29FED5A600C6F610 /* UIDesignPractice */ = {
			isa = PBXNativeTarget;
			buildConfigurationList = 8FD1B53C29FED5A900C6F610 /* Build configuration list for PBXNativeTarget "UIDesignPractice" */;
			buildPhases = (
				8FD1B52A29FED5A600C6F610 /* Sources */,
				8FD1B52B29FED5A600C6F610 /* Frameworks */,
				8FD1B52C29FED5A600C6F610 /* Resources */,
			);
			buildRules = (
			);
			dependencies = (
			);
			name = UIDesignPractice;
			productName = UIDesignPractice;
			productReference = 8FD1B52E29FED5A600C6F610 /* UIDesignPractice.app */;
			productType = "com.apple.product-type.application";
		};
/* End PBXNativeTarget section */

/* Begin PBXProject section */
		8FD1B52629FED5A600C6F610 /* Project object */ = {
			isa = PBXProject;
			attributes = {
				BuildIndependentTargetsInParallel = 1;
				LastSwiftUpdateCheck = 1420;
				LastUpgradeCheck = 1420;
				TargetAttributes = {
					8FD1B52D29FED5A600C6F610 = {
						CreatedOnToolsVersion = 14.2;
					};
				};
			};
			buildConfigurationList = 8FD1B52929FED5A600C6F610 /* Build configuration list for PBXProject "UIDesignPractice" */;
			compatibilityVersion = "Xcode 14.0";
			developmentRegion = en;
			hasScannedForEncodings = 0;
			knownRegions = (
				en,
				Base,
			);
			mainGroup = 8FD1B52529FED5A600C6F610;
			productRefGroup = 8FD1B52F29FED5A600C6F610 /* Products */;
			projectDirPath = "";
			projectRoot = "";
			targets = (
				8FD1B52D29FED5A600C6F610 /* UIDesignPractice */,
			);
		};
/* End PBXProject section */

/* Begin PBXResourcesBuildPhase section */
		8FD1B52C29FED5A600C6F610 /* Resources */ = {
			isa = PBXResourcesBuildPhase;
			buildActionMask = 2147483647;
			files = (
				8FD1B53929FED5A900C6F610 /* Preview Assets.xcassets in Resources */,
				8FD1B53629FED5A900C6F610 /* Assets.xcassets in Resources */,
			);
			runOnlyForDeploymentPostprocessing = 0;
		};
/* End PBXResourcesBuildPhase section */

/* Begin PBXSourcesBuildPhase section */
		8FD1B52A29FED5A600C6F610 /* Sources */ = {
			isa = PBXSourcesBuildPhase;
			buildActionMask = 2147483647;
			files = (
				8FD1B54B29FEEC1C00C6F610 /* PrimaryButton.swift in Sources */,
				8FD1B5522A00127400C6F610 /* ShoesView.swift in Sources */,
				8FD1B54829FEDFA800C6F610 /* Color+.swift in Sources */,
				8FD1B54129FED70200C6F610 /* CardView.swift in Sources */,
				8FD1B54D29FEEDE700C6F610 /* View+.swift in Sources */,
				8FD1B53229FED5A600C6F610 /* UIDesignPracticeApp.swift in Sources */,
				8FD1B54529FEDAEB00C6F610 /* ProfileComposableView.swift in Sources */,
				8FD1B5562A0390DA00C6F610 /* CustomCardView.swift in Sources */,
			);
			runOnlyForDeploymentPostprocessing = 0;
		};
/* End PBXSourcesBuildPhase section */

/* Begin XCBuildConfiguration section */
		8FD1B53A29FED5A900C6F610 /* Debug */ = {
			isa = XCBuildConfiguration;
			buildSettings = {
				ALWAYS_SEARCH_USER_PATHS = NO;
				CLANG_ANALYZER_NONNULL = YES;
				CLANG_ANALYZER_NUMBER_OBJECT_CONVERSION = YES_AGGRESSIVE;
				CLANG_CXX_LANGUAGE_STANDARD = "gnu++20";
				CLANG_ENABLE_MODULES = YES;
				CLANG_ENABLE_OBJC_ARC = YES;
				CLANG_ENABLE_OBJC_WEAK = YES;
				CLANG_WARN_BLOCK_CAPTURE_AUTORELEASING = YES;
				CLANG_WARN_BOOL_CONVERSION = YES;
				CLANG_WARN_COMMA = YES;
				CLANG_WARN_CONSTANT_CONVERSION = YES;
				CLANG_WARN_DEPRECATED_OBJC_IMPLEMENTATIONS = YES;
				CLANG_WARN_DIRECT_OBJC_ISA_USAGE = YES_ERROR;
				CLANG_WARN_DOCUMENTATION_COMMENTS = YES;
				CLANG_WARN_EMPTY_BODY = YES;
				CLANG_WARN_ENUM_CONVERSION = YES;
				CLANG_WARN_INFINITE_RECURSION = YES;
				CLANG_WARN_INT_CONVERSION = YES;
				CLANG_WARN_NON_LITERAL_NULL_CONVERSION = YES;
				CLANG_WARN_OBJC_IMPLICIT_RETAIN_SELF = YES;
				CLANG_WARN_OBJC_LITERAL_CONVERSION = YES;
				CLANG_WARN_OBJC_ROOT_CLASS = YES_ERROR;
				CLANG_WARN_QUOTED_INCLUDE_IN_FRAMEWORK_HEADER = YES;
				CLANG_WARN_RANGE_LOOP_ANALYSIS = YES;
				CLANG_WARN_STRICT_PROTOTYPES = YES;
				CLANG_WARN_SUSPICIOUS_MOVE = YES;
				CLANG_WARN_UNGUARDED_AVAILABILITY = YES_AGGRESSIVE;
				CLANG_WARN_UNREACHABLE_CODE = YES;
				CLANG_WARN__DUPLICATE_METHOD_MATCH = YES;
				COPY_PHASE_STRIP = NO;
				DEBUG_INFORMATION_FORMAT = dwarf;
				ENABLE_STRICT_OBJC_MSGSEND = YES;
				ENABLE_TESTABILITY = YES;
				GCC_C_LANGUAGE_STANDARD = gnu11;
				GCC_DYNAMIC_NO_PIC = NO;
				GCC_NO_COMMON_BLOCKS = YES;
				GCC_OPTIMIZATION_LEVEL = 0;
				GCC_PREPROCESSOR_DEFINITIONS = (
					"DEBUG=1",
					"$(inherited)",
				);
				GCC_WARN_64_TO_32_BIT_CONVERSION = YES;
				GCC_WARN_ABOUT_RETURN_TYPE = YES_ERROR;
				GCC_WARN_UNDECLARED_SELECTOR = YES;
				GCC_WARN_UNINITIALIZED_AUTOS = YES_AGGRESSIVE;
				GCC_WARN_UNUSED_FUNCTION = YES;
				GCC_WARN_UNUSED_VARIABLE = YES;
				IPHONEOS_DEPLOYMENT_TARGET = 16.2;
				MTL_ENABLE_DEBUG_INFO = INCLUDE_SOURCE;
				MTL_FAST_MATH = YES;
				ONLY_ACTIVE_ARCH = YES;
				SDKROOT = iphoneos;
				SWIFT_ACTIVE_COMPILATION_CONDITIONS = DEBUG;
				SWIFT_OPTIMIZATION_LEVEL = "-Onone";
			};
			name = Debug;
		};
		8FD1B53B29FED5A900C6F610 /* Release */ = {
			isa = XCBuildConfiguration;
			buildSettings = {
				ALWAYS_SEARCH_USER_PATHS = NO;
				CLANG_ANALYZER_NONNULL = YES;
				CLANG_ANALYZER_NUMBER_OBJECT_CONVERSION = YES_AGGRESSIVE;
				CLANG_CXX_LANGUAGE_STANDARD = "gnu++20";
				CLANG_ENABLE_MODULES = YES;
				CLANG_ENABLE_OBJC_ARC = YES;
				CLANG_ENABLE_OBJC_WEAK = YES;
				CLANG_WARN_BLOCK_CAPTURE_AUTORELEASING = YES;
				CLANG_WARN_BOOL_CONVERSION = YES;
				CLANG_WARN_COMMA = YES;
				CLANG_WARN_CONSTANT_CONVERSION = YES;
				CLANG_WARN_DEPRECATED_OBJC_IMPLEMENTATIONS = YES;
				CLANG_WARN_DIRECT_OBJC_ISA_USAGE = YES_ERROR;
				CLANG_WARN_DOCUMENTATION_COMMENTS = YES;
				CLANG_WARN_EMPTY_BODY = YES;
				CLANG_WARN_ENUM_CONVERSION = YES;
				CLANG_WARN_INFINITE_RECURSION = YES;
				CLANG_WARN_INT_CONVERSION = YES;
				CLANG_WARN_NON_LITERAL_NULL_CONVERSION = YES;
				CLANG_WARN_OBJC_IMPLICIT_RETAIN_SELF = YES;
				CLANG_WARN_OBJC_LITERAL_CONVERSION = YES;
				CLANG_WARN_OBJC_ROOT_CLASS = YES_ERROR;
				CLANG_WARN_QUOTED_INCLUDE_IN_FRAMEWORK_HEADER = YES;
				CLANG_WARN_RANGE_LOOP_ANALYSIS = YES;
				CLANG_WARN_STRICT_PROTOTYPES = YES;
				CLANG_WARN_SUSPICIOUS_MOVE = YES;
				CLANG_WARN_UNGUARDED_AVAILABILITY = YES_AGGRESSIVE;
				CLANG_WARN_UNREACHABLE_CODE = YES;
				CLANG_WARN__DUPLICATE_METHOD_MATCH = YES;
				COPY_PHASE_STRIP = NO;
				DEBUG_INFORMATION_FORMAT = "dwarf-with-dsym";
				ENABLE_NS_ASSERTIONS = NO;
				ENABLE_STRICT_OBJC_MSGSEND = YES;
				GCC_C_LANGUAGE_STANDARD = gnu11;
				GCC_NO_COMMON_BLOCKS = YES;
				GCC_WARN_64_TO_32_BIT_CONVERSION = YES;
				GCC_WARN_ABOUT_RETURN_TYPE = YES_ERROR;
				GCC_WARN_UNDECLARED_SELECTOR = YES;
				GCC_WARN_UNINITIALIZED_AUTOS = YES_AGGRESSIVE;
				GCC_WARN_UNUSED_FUNCTION = YES;
				GCC_WARN_UNUSED_VARIABLE = YES;
				IPHONEOS_DEPLOYMENT_TARGET = 16.2;
				MTL_ENABLE_DEBUG_INFO = NO;
				MTL_FAST_MATH = YES;
				SDKROOT = iphoneos;
				SWIFT_COMPILATION_MODE = wholemodule;
				SWIFT_OPTIMIZATION_LEVEL = "-O";
				VALIDATE_PRODUCT = YES;
			};
			name = Release;
		};
		8FD1B53D29FED5A900C6F610 /* Debug */ = {
			isa = XCBuildConfiguration;
			buildSettings = {
				ASSETCATALOG_COMPILER_APPICON_NAME = AppIcon;
				ASSETCATALOG_COMPILER_GLOBAL_ACCENT_COLOR_NAME = AccentColor;
				CODE_SIGN_STYLE = Automatic;
				CURRENT_PROJECT_VERSION = 1;
				DEVELOPMENT_ASSET_PATHS = "\"UIDesignPractice/Preview Content\"";
				DEVELOPMENT_TEAM = UJBQST367M;
				ENABLE_PREVIEWS = YES;
				GENERATE_INFOPLIST_FILE = YES;
				INFOPLIST_KEY_UIApplicationSceneManifest_Generation = YES;
				INFOPLIST_KEY_UIApplicationSupportsIndirectInputEvents = YES;
				INFOPLIST_KEY_UILaunchScreen_Generation = YES;
				INFOPLIST_KEY_UISupportedInterfaceOrientations_iPad = "UIInterfaceOrientationPortrait UIInterfaceOrientationPortraitUpsideDown UIInterfaceOrientationLandscapeLeft UIInterfaceOrientationLandscapeRight";
				INFOPLIST_KEY_UISupportedInterfaceOrientations_iPhone = "UIInterfaceOrientationPortrait UIInterfaceOrientationLandscapeLeft UIInterfaceOrientationLandscapeRight";
				LD_RUNPATH_SEARCH_PATHS = (
					"$(inherited)",
					"@executable_path/Frameworks",
				);
				MARKETING_VERSION = 1.0;
				PRODUCT_BUNDLE_IDENTIFIER = com.mounikaA.UIDesignPractice;
				PRODUCT_NAME = "$(TARGET_NAME)";
				SWIFT_EMIT_LOC_STRINGS = YES;
				SWIFT_VERSION = 5.0;
				TARGETED_DEVICE_FAMILY = "1,2";
			};
			name = Debug;
		};
		8FD1B53E29FED5A900C6F610 /* Release */ = {
			isa = XCBuildConfiguration;
			buildSettings = {
				ASSETCATALOG_COMPILER_APPICON_NAME = AppIcon;
				ASSETCATALOG_COMPILER_GLOBAL_ACCENT_COLOR_NAME = AccentColor;
				CODE_SIGN_STYLE = Automatic;
				CURRENT_PROJECT_VERSION = 1;
				DEVELOPMENT_ASSET_PATHS = "\"UIDesignPractice/Preview Content\"";
				DEVELOPMENT_TEAM = UJBQST367M;
				ENABLE_PREVIEWS = YES;
				GENERATE_INFOPLIST_FILE = YES;
				INFOPLIST_KEY_UIApplicationSceneManifest_Generation = YES;
				INFOPLIST_KEY_UIApplicationSupportsIndirectInputEvents = YES;
				INFOPLIST_KEY_UILaunchScreen_Generation = YES;
				INFOPLIST_KEY_UISupportedInterfaceOrientations_iPad = "UIInterfaceOrientationPortrait UIInterfaceOrientationPortraitUpsideDown UIInterfaceOrientationLandscapeLeft UIInterfaceOrientationLandscapeRight";
				INFOPLIST_KEY_UISupportedInterfaceOrientations_iPhone = "UIInterfaceOrientationPortrait UIInterfaceOrientationLandscapeLeft UIInterfaceOrientationLandscapeRight";
				LD_RUNPATH_SEARCH_PATHS = (
					"$(inherited)",
					"@executable_path/Frameworks",
				);
				MARKETING_VERSION = 1.0;
				PRODUCT_BUNDLE_IDENTIFIER = com.mounikaA.UIDesignPractice;
				PRODUCT_NAME = "$(TARGET_NAME)";
				SWIFT_EMIT_LOC_STRINGS = YES;
				SWIFT_VERSION = 5.0;
				TARGETED_DEVICE_FAMILY = "1,2";
			};
			name = Release;
		};
/* End XCBuildConfiguration section */

/* Begin XCConfigurationList section */
		8FD1B52929FED5A600C6F610 /* Build configuration list for PBXProject "UIDesignPractice" */ = {
			isa = XCConfigurationList;
			buildConfigurations = (
				8FD1B53A29FED5A900C6F610 /* Debug */,
				8FD1B53B29FED5A900C6F610 /* Release */,
			);
			defaultConfigurationIsVisible = 0;
			defaultConfigurationName = Release;
		};
		8FD1B53C29FED5A900C6F610 /* Build configuration list for PBXNativeTarget "UIDesignPractice" */ = {
			isa = XCConfigurationList;
			buildConfigurations = (
				8FD1B53D29FED5A900C6F610 /* Debug */,
				8FD1B53E29FED5A900C6F610 /* Release */,
			);
			defaultConfigurationIsVisible = 0;
			defaultConfigurationName = Release;
		};
/* End XCConfigurationList section */
	};
	rootObject = 8FD1B52629FED5A600C6F610 /* Project object */;
}
